
Microsoft Visual Studio Solution File, Format Version 12.00
# Visual Studio Version 17
VisualStudioVersion = 17.4.33205.214
MinimumVisualStudioVersion = 10.0.40219.1
Project("{FAE04EC0-301F-11D3-BF4B-00C04F79EFBC}") = "EdCarrierCountdown", "EdCarrierCountdown\EdCarrierCountdown.csproj", "{CCE53DED-36EC-4D51-B0AA-0F09422E7E81}"
EndProject
Project("{9A19103F-16F7-4668-BE54-9A1E7A4F7556}") = "EdTools", "..\EdTools\EdTools\EdTools.csproj", "{C620D4BE-2A8E-4539-A76B-170AB10C8802}"
EndProject
Global
	GlobalSection(SolutionConfigurationPlatforms) = preSolution
		Debug|Any CPU = Debug|Any CPU
		Release|Any CPU = Release|Any CPU
	EndGlobalSection
	GlobalSection(ProjectConfigurationPlatforms) = postSolution
		{CCE53DED-36EC-4D51-B0AA-0F09422E7E81}.Debug|Any CPU.ActiveCfg = Debug|Any CPU
		{CCE53DED-36EC-4D51-B0AA-0F09422E7E81}.Debug|Any CPU.Build.0 = Debug|Any CPU
		{CCE53DED-36EC-4D51-B0AA-0F09422E7E81}.Release|Any CPU.ActiveCfg = Release|Any CPU
		{CCE53DED-36EC-4D51-B0AA-0F09422E7E81}.Release|Any CPU.Build.0 = Release|Any CPU
		{C620D4BE-2A8E-4539-A76B-170AB10C8802}.Debug|Any CPU.ActiveCfg = Debug|Any CPU
		{C620D4BE-2A8E-4539-A76B-170AB10C8802}.Debug|Any CPU.Build.0 = Debug|Any CPU
		{C620D4BE-2A8E-4539-A76B-170AB10C8802}.Release|Any CPU.ActiveCfg = Release|Any CPU
		{C620D4BE-2A8E-4539-A76B-170AB10C8802}.Release|Any CPU.Build.0 = Release|Any CPU
	EndGlobalSection
	GlobalSection(SolutionProperties) = preSolution
		HideSolutionNode = FALSE
	EndGlobalSection
	GlobalSection(ExtensibilityGlobals) = postSolution
		SolutionGuid = {B955CABF-093E-43D3-8E6C-CC284ADC49C7}
	EndGlobalSection
EndGlobal
